# Generated by pub
# See https://dart.dev/tools/pub/glossary#lockfile
packages:
  synchronized:
    dependency: "direct main"
    description:
      name: synchronized
      sha256: "33b31b6beb98100bf9add464a36a8dd03eb10c7a8cf15aeec535e9b054aaf04b"
      url: "https://pub.dev"
    source: hosted
    version: "3.0.1"
sdks:
  dart: ">=2.18.0 <4.0.0"
